
Microsoft Visual Studio Solution File, Format Version 12.00
# Visual Studio Version 16
VisualStudioVersion = 16.0.31410.357
MinimumVisualStudioVersion = 10.0.40219.1
Project("{FAE04EC0-301F-11D3-BF4B-00C04F79EFBC}") = "LeaveRequestAPI", "LeaveRequestAPI.csproj", "{4CB815B6-B2C1-4A6D-90E5-830B5A5BD25A}"
EndProject
Global
	GlobalSection(SolutionConfigurationPlatforms) = preSolution
		Debug|Any CPU = Debug|Any CPU
		Release|Any CPU = Release|Any CPU
	EndGlobalSection
	GlobalSection(ProjectConfigurationPlatforms) = postSolution
		{4CB815B6-B2C1-4A6D-90E5-830B5A5BD25A}.Debug|Any CPU.ActiveCfg = Debug|Any CPU
		{4CB815B6-B2C1-4A6D-90E5-830B5A5BD25A}.Debug|Any CPU.Build.0 = Debug|Any CPU
		{4CB815B6-B2C1-4A6D-90E5-830B5A5BD25A}.Release|Any CPU.ActiveCfg = Release|Any CPU
		{4CB815B6-B2C1-4A6D-90E5-830B5A5BD25A}.Release|Any CPU.Build.0 = Release|Any CPU
	EndGlobalSection
	GlobalSection(SolutionProperties) = preSolution
		HideSolutionNode = FALSE
	EndGlobalSection
	GlobalSection(ExtensibilityGlobals) = postSolution
		SolutionGuid = {5AA0976A-32C0-4D93-A754-E3BF8E38DC7B}
	EndGlobalSection
EndGlobal
